# This file is automatically @generated by Cargo.
# It is not intended for manual editing.
version = 4

[[package]]
name = "mos-audio"
version = "0.1.0"

[[package]]
name = "mos-compositor"
version = "0.1.0"

[[package]]
name = "mos-dialer"
version = "0.1.0"

[[package]]
name = "mos-initd"
version = "0.1.0"

[[package]]
name = "mos-messages"
version = "0.1.0"

[[package]]
name = "mos-modem"
version = "0.1.0"

[[package]]
name = "mos-network"
version = "0.1.0"

[[package]]
name = "mos-power"
version = "0.1.0"

[[package]]
name = "mos-sensors"
version = "0.1.0"

[[package]]
name = "mos-settings"
version = "0.1.0"

[[package]]
name = "mos-shell"
version = "0.1.0"

[[package]]
name = "mos-terminal"
version = "0.1.0"
